
Microsoft Visual Studio Solution File, Format Version 12.00
# Visual Studio Version 17
VisualStudioVersion = 17.3.32901.215
MinimumVisualStudioVersion = 10.0.40219.1
Project("{FAE04EC0-301F-11D3-BF4B-00C04F79EFBC}") = "telephone diary", "telephone diary\telephone diary.csproj", "{D7ED36FB-D29A-4527-A7B3-264A7D70FED4}"
EndProject
Global
	GlobalSection(SolutionConfigurationPlatforms) = preSolution
		Debug|Any CPU = Debug|Any CPU
		Release|Any CPU = Release|Any CPU
	EndGlobalSection
	GlobalSection(ProjectConfigurationPlatforms) = postSolution
		{D7ED36FB-D29A-4527-A7B3-264A7D70FED4}.Debug|Any CPU.ActiveCfg = Debug|Any CPU
		{D7ED36FB-D29A-4527-A7B3-264A7D70FED4}.Debug|Any CPU.Build.0 = Debug|Any CPU
		{D7ED36FB-D29A-4527-A7B3-264A7D70FED4}.Release|Any CPU.ActiveCfg = Release|Any CPU
		{D7ED36FB-D29A-4527-A7B3-264A7D70FED4}.Release|Any CPU.Build.0 = Release|Any CPU
	EndGlobalSection
	GlobalSection(SolutionProperties) = preSolution
		HideSolutionNode = FALSE
	EndGlobalSection
	GlobalSection(ExtensibilityGlobals) = postSolution
		SolutionGuid = {0867DBE8-5765-417D-AD90-612D79073C3A}
	EndGlobalSection
EndGlobal
